
Microsoft Visual Studio Solution File, Format Version 12.00
# Visual Studio Version 16
VisualStudioVersion = 16.0.31205.134
MinimumVisualStudioVersion = 10.0.40219.1
Project("{E24C65DC-7377-472B-9ABA-BC803B73C61A}") = "Calculator html-css-js", "..\..\..\Desktop\Calculator html-css-js\", "{198DC3B0-38DB-49C2-9C0E-3473BBBDFFFA}"
	ProjectSection(WebsiteProperties) = preProject
		TargetFrameworkMoniker = ".NETFramework,Version%3Dv4.0"
		Debug.AspNetCompiler.VirtualPath = "/localhost_61863"
		Debug.AspNetCompiler.PhysicalPath = "..\..\..\Desktop\Calculator html-css-js\"
		Debug.AspNetCompiler.TargetPath = "PrecompiledWeb\localhost_61863\"
		Debug.AspNetCompiler.Updateable = "true"
		Debug.AspNetCompiler.ForceOverwrite = "true"
		Debug.AspNetCompiler.FixedNames = "false"
		Debug.AspNetCompiler.Debug = "True"
		Release.AspNetCompiler.VirtualPath = "/localhost_61863"
		Release.AspNetCompiler.PhysicalPath = "..\..\..\Desktop\Calculator html-css-js\"
		Release.AspNetCompiler.TargetPath = "PrecompiledWeb\localhost_61863\"
		Release.AspNetCompiler.Updateable = "true"
		Release.AspNetCompiler.ForceOverwrite = "true"
		Release.AspNetCompiler.FixedNames = "false"
		Release.AspNetCompiler.Debug = "False"
		VWDPort = "61863"
	EndProjectSection
EndProject
Global
	GlobalSection(SolutionConfigurationPlatforms) = preSolution
		Debug|Any CPU = Debug|Any CPU
	EndGlobalSection
	GlobalSection(ProjectConfigurationPlatforms) = postSolution
		{198DC3B0-38DB-49C2-9C0E-3473BBBDFFFA}.Debug|Any CPU.ActiveCfg = Debug|Any CPU
		{198DC3B0-38DB-49C2-9C0E-3473BBBDFFFA}.Debug|Any CPU.Build.0 = Debug|Any CPU
	EndGlobalSection
	GlobalSection(SolutionProperties) = preSolution
		HideSolutionNode = FALSE
	EndGlobalSection
	GlobalSection(ExtensibilityGlobals) = postSolution
		SolutionGuid = {667B7822-2F7B-44DD-BD46-3188FA6D38E1}
	EndGlobalSection
EndGlobal
